PODS:
  - SDWebImage (5.8.2):
    - SDWebImage/Core (= 5.8.2)
  - SDWebImage/Core (5.8.2)

DEPENDENCIES:
  - SDWebImage

SPEC REPOS:
  trunk:
    - SDWebImage

SPEC CHECKSUMS:
  SDWebImage: f923a89d7344af399ba77b87a523ae747408207a

PODFILE CHECKSUM: 7e6a8ae1bf7eedd320151c8bad0a53511541ab9d

COCOAPODS: 1.9.3
