// !$*UTF8*$!
{
	archiveVersion = 1;
	classes = {
	};
	objectVersion = 50;
	objects = {

/* Begin PBXBuildFile section */
		1AFA3B9B24CC6D4400C564E7 /* AppDelegate.swift in Sources */ = {isa = PBXBuildFile; fileRef = 1AFA3B9A24CC6D4400C564E7 /* AppDelegate.swift */; };
		1AFA3B9D24CC6D4400C564E7 /* SceneDelegate.swift in Sources */ = {isa = PBXBuildFile; fileRef = 1AFA3B9C24CC6D4400C564E7 /* SceneDelegate.swift */; };
		1AFA3BA224CC6D4400C564E7 /* Main.storyboard in Resources */ = {isa = PBXBuildFile; fileRef = 1AFA3BA024CC6D4400C564E7 /* Main.storyboard */; };
		1AFA3BA424CC6D4F00C564E7 /* Assets.xcassets in Resources */ = {isa = PBXBuildFile; fileRef = 1AFA3BA324CC6D4F00C564E7 /* Assets.xcassets */; };
		1AFA3BA724CC6D4F00C564E7 /* LaunchScreen.storyboard in Resources */ = {isa = PBXBuildFile; fileRef = 1AFA3BA524CC6D4F00C564E7 /* LaunchScreen.storyboard */; };
		1AFA3BB224CC6D5000C564E7 /* TarunMachineTestTests.swift in Sources */ = {isa = PBXBuildFile; fileRef = 1AFA3BB124CC6D5000C564E7 /* TarunMachineTestTests.swift */; };
		1AFA3BBF24CC6DF400C564E7 /* CityInfoTableViewCell.swift in Sources */ = {isa = PBXBuildFile; fileRef = 1AFA3BBE24CC6DF400C564E7 /* CityInfoTableViewCell.swift */; };
		1AFA3BC124CC6DFC00C564E7 /* CityInfoViewController.swift in Sources */ = {isa = PBXBuildFile; fileRef = 1AFA3BC024CC6DFC00C564E7 /* CityInfoViewController.swift */; };
		1AFA3BC424CC732F00C564E7 /* Webservices.swift in Sources */ = {isa = PBXBuildFile; fileRef = 1AFA3BC324CC732F00C564E7 /* Webservices.swift */; };
		1AFA3BC624CC737C00C564E7 /* Reachability.swift in Sources */ = {isa = PBXBuildFile; fileRef = 1AFA3BC524CC737C00C564E7 /* Reachability.swift */; };
		1AFA3BCB24CC78B700C564E7 /* CityDataModel.swift in Sources */ = {isa = PBXBuildFile; fileRef = 1AFA3BCA24CC78B700C564E7 /* CityDataModel.swift */; };
		1AFA3BCF24CC8FCD00C564E7 /* CityInfoViewModel.swift in Sources */ = {isa = PBXBuildFile; fileRef = 1AFA3BCE24CC8FCD00C564E7 /* CityInfoViewModel.swift */; };
		F09930A8EAF95E6D421096BF /* Pods_TarunMachineTest.framework in Frameworks */ = {isa = PBXBuildFile; fileRef = 9244B4747C51EDEF71AAB923 /* Pods_TarunMachineTest.framework */; };
		FAB22C3B10213619F278001A /* Pods_TarunMachineTestTests.framework in Frameworks */ = {isa = PBXBuildFile; fileRef = 2C2160AFC5EEC31E3096245E /* Pods_TarunMachineTestTests.framework */; };
/* End PBXBuildFile section */

/* Begin PBXContainerItemProxy section */
		1AFA3BAE24CC6D5000C564E7 /* PBXContainerItemProxy */ = {
			isa = PBXContainerItemProxy;
			containerPortal = 1AFA3B8F24CC6D4400C564E7 /* Project object */;
			proxyType = 1;
			remoteGlobalIDString = 1AFA3B9624CC6D4400C564E7;
			remoteInfo = TarunMachineTest;
		};
/* End PBXContainerItemProxy section */

/* Begin PBXFileReference section */
		0E337C4B262FF1A292B7D0F8 /* Pods-TarunMachineTest.release.xcconfig */ = {isa = PBXFileReference; includeInIndex = 1; lastKnownFileType = text.xcconfig; name = "Pods-TarunMachineTest.release.xcconfig"; path = "Target Support Files/Pods-TarunMachineTest/Pods-TarunMachineTest.release.xcconfig"; sourceTree = "<group>"; };
		1AFA3B9724CC6D4400C564E7 /* TarunMachineTest.app */ = {isa = PBXFileReference; explicitFileType = wrapper.application; includeInIndex = 0; path = TarunMachineTest.app; sourceTree = BUILT_PRODUCTS_DIR; };
		1AFA3B9A24CC6D4400C564E7 /* AppDelegate.swift */ = {isa = PBXFileReference; lastKnownFileType = sourcecode.swift; path = AppDelegate.swift; sourceTree = "<group>"; };
		1AFA3B9C24CC6D4400C564E7 /* SceneDelegate.swift */ = {isa = PBXFileReference; lastKnownFileType = sourcecode.swift; path = SceneDelegate.swift; sourceTree = "<group>"; };
		1AFA3BA124CC6D4400C564E7 /* Base */ = {isa = PBXFileReference; lastKnownFileType = file.storyboard; name = Base; path = Base.lproj/Main.storyboard; sourceTree = "<group>"; };
		1AFA3BA324CC6D4F00C564E7 /* Assets.xcassets */ = {isa = PBXFileReference; lastKnownFileType = folder.assetcatalog; path = Assets.xcassets; sourceTree = "<group>"; };
		1AFA3BA624CC6D4F00C564E7 /* Base */ = {isa = PBXFileReference; lastKnownFileType = file.storyboard; name = Base; path = Base.lproj/LaunchScreen.storyboard; sourceTree = "<group>"; };
		1AFA3BA824CC6D4F00C564E7 /* Info.plist */ = {isa = PBXFileReference; lastKnownFileType = text.plist.xml; path = Info.plist; sourceTree = "<group>"; };
		1AFA3BAD24CC6D5000C564E7 /* TarunMachineTestTests.xctest */ = {isa = PBXFileReference; explicitFileType = wrapper.cfbundle; includeInIndex = 0; path = TarunMachineTestTests.xctest; sourceTree = BUILT_PRODUCTS_DIR; };
		1AFA3BB124CC6D5000C564E7 /* TarunMachineTestTests.swift */ = {isa = PBXFileReference; lastKnownFileType = sourcecode.swift; path = TarunMachineTestTests.swift; sourceTree = "<group>"; };
		1AFA3BB324CC6D5000C564E7 /* Info.plist */ = {isa = PBXFileReference; lastKnownFileType = text.plist.xml; path = Info.plist; sourceTree = "<group>"; };
		1AFA3BBE24CC6DF400C564E7 /* CityInfoTableViewCell.swift */ = {isa = PBXFileReference; fileEncoding = 4; lastKnownFileType = sourcecode.swift; path = CityInfoTableViewCell.swift; sourceTree = "<group>"; };
		1AFA3BC024CC6DFC00C564E7 /* CityInfoViewController.swift */ = {isa = PBXFileReference; fileEncoding = 4; lastKnownFileType = sourcecode.swift; path = CityInfoViewController.swift; sourceTree = "<group>"; };
		1AFA3BC324CC732F00C564E7 /* Webservices.swift */ = {isa = PBXFileReference; lastKnownFileType = sourcecode.swift; path = Webservices.swift; sourceTree = "<group>"; };
		1AFA3BC524CC737C00C564E7 /* Reachability.swift */ = {isa = PBXFileReference; lastKnownFileType = sourcecode.swift; path = Reachability.swift; sourceTree = "<group>"; };
		1AFA3BCA24CC78B700C564E7 /* CityDataModel.swift */ = {isa = PBXFileReference; lastKnownFileType = sourcecode.swift; path = CityDataModel.swift; sourceTree = "<group>"; };
		1AFA3BCE24CC8FCD00C564E7 /* CityInfoViewModel.swift */ = {isa = PBXFileReference; lastKnownFileType = sourcecode.swift; name = CityInfoViewModel.swift; path = TarunMachineTest/DataModel/CityInfoViewModel.swift; sourceTree = SOURCE_ROOT; };
		2C2160AFC5EEC31E3096245E /* Pods_TarunMachineTestTests.framework */ = {isa = PBXFileReference; explicitFileType = wrapper.framework; includeInIndex = 0; path = Pods_TarunMachineTestTests.framework; sourceTree = BUILT_PRODUCTS_DIR; };
		5E722E95535CE99B40FD675D /* Pods-TarunMachineTestTests.debug.xcconfig */ = {isa = PBXFileReference; includeInIndex = 1; lastKnownFileType = text.xcconfig; name = "Pods-TarunMachineTestTests.debug.xcconfig"; path = "Target Support Files/Pods-TarunMachineTestTests/Pods-TarunMachineTestTests.debug.xcconfig"; sourceTree = "<group>"; };
		7B6F5387EB9C0BAD43CBF73B /* Pods-TarunMachineTest.debug.xcconfig */ = {isa = PBXFileReference; includeInIndex = 1; lastKnownFileType = text.xcconfig; name = "Pods-TarunMachineTest.debug.xcconfig"; path = "Target Support Files/Pods-TarunMachineTest/Pods-TarunMachineTest.debug.xcconfig"; sourceTree = "<group>"; };
		9244B4747C51EDEF71AAB923 /* Pods_TarunMachineTest.framework */ = {isa = PBXFileReference; explicitFileType = wrapper.framework; includeInIndex = 0; path = Pods_TarunMachineTest.framework; sourceTree = BUILT_PRODUCTS_DIR; };
		BE00668AE534DF6405FE9829 /* Pods-TarunMachineTestTests.release.xcconfig */ = {isa = PBXFileReference; includeInIndex = 1; lastKnownFileType = text.xcconfig; name = "Pods-TarunMachineTestTests.release.xcconfig"; path = "Target Support Files/Pods-TarunMachineTestTests/Pods-TarunMachineTestTests.release.xcconfig"; sourceTree = "<group>"; };
/* End PBXFileReference section */

/* Begin PBXFrameworksBuildPhase section */
		1AFA3B9424CC6D4400C564E7 /* Frameworks */ = {
			isa = PBXFrameworksBuildPhase;
			buildActionMask = 2147483647;
			files = (
				F09930A8EAF95E6D421096BF /* Pods_TarunMachineTest.framework in Frameworks */,
			);
			runOnlyForDeploymentPostprocessing = 0;
		};
		1AFA3BAA24CC6D5000C564E7 /* Frameworks */ = {
			isa = PBXFrameworksBuildPhase;
			buildActionMask = 2147483647;
			files = (
				FAB22C3B10213619F278001A /* Pods_TarunMachineTestTests.framework in Frameworks */,
			);
			runOnlyForDeploymentPostprocessing = 0;
		};
/* End PBXFrameworksBuildPhase section */

/* Begin PBXGroup section */
		12A947003D53E385FEA26718 /* Pods */ = {
			isa = PBXGroup;
			children = (
				7B6F5387EB9C0BAD43CBF73B /* Pods-TarunMachineTest.debug.xcconfig */,
				0E337C4B262FF1A292B7D0F8 /* Pods-TarunMachineTest.release.xcconfig */,
				5E722E95535CE99B40FD675D /* Pods-TarunMachineTestTests.debug.xcconfig */,
				BE00668AE534DF6405FE9829 /* Pods-TarunMachineTestTests.release.xcconfig */,
			);
			name = Pods;
			path = Pods;
			sourceTree = "<group>";
		};
		1AFA3B8E24CC6D4400C564E7 = {
			isa = PBXGroup;
			children = (
				1AFA3B9924CC6D4400C564E7 /* TarunMachineTest */,
				1AFA3BB024CC6D5000C564E7 /* TarunMachineTestTests */,
				1AFA3B9824CC6D4400C564E7 /* Products */,
				12A947003D53E385FEA26718 /* Pods */,
				374668DEA70DA090A9DB796A /* Frameworks */,
			);
			sourceTree = "<group>";
		};
		1AFA3B9824CC6D4400C564E7 /* Products */ = {
			isa = PBXGroup;
			children = (
				1AFA3B9724CC6D4400C564E7 /* TarunMachineTest.app */,
				1AFA3BAD24CC6D5000C564E7 /* TarunMachineTestTests.xctest */,
			);
			name = Products;
			sourceTree = "<group>";
		};
		1AFA3B9924CC6D4400C564E7 /* TarunMachineTest */ = {
			isa = PBXGroup;
			children = (
				1AFA3BCD24CC8F7A00C564E7 /* ViewModel */,
				1AFA3BC924CC788E00C564E7 /* DataModel */,
				1AFA3BC224CC72F100C564E7 /* Utilities */,
				1AFA3BBD24CC6DE300C564E7 /* ViewController */,
				1AFA3BBC24CC6DD400C564E7 /* UITableViewCell */,
				1AFA3B9A24CC6D4400C564E7 /* AppDelegate.swift */,
				1AFA3B9C24CC6D4400C564E7 /* SceneDelegate.swift */,
				1AFA3BA024CC6D4400C564E7 /* Main.storyboard */,
				1AFA3BA324CC6D4F00C564E7 /* Assets.xcassets */,
				1AFA3BA524CC6D4F00C564E7 /* LaunchScreen.storyboard */,
				1AFA3BA824CC6D4F00C564E7 /* Info.plist */,
			);
			path = TarunMachineTest;
			sourceTree = "<group>";
		};
		1AFA3BB024CC6D5000C564E7 /* TarunMachineTestTests */ = {
			isa = PBXGroup;
			children = (
				1AFA3BB124CC6D5000C564E7 /* TarunMachineTestTests.swift */,
				1AFA3BB324CC6D5000C564E7 /* Info.plist */,
			);
			path = TarunMachineTestTests;
			sourceTree = "<group>";
		};
		1AFA3BBC24CC6DD400C564E7 /* UITableViewCell */ = {
			isa = PBXGroup;
			children = (
				1AFA3BBE24CC6DF400C564E7 /* CityInfoTableViewCell.swift */,
			);
			path = UITableViewCell;
			sourceTree = "<group>";
		};
		1AFA3BBD24CC6DE300C564E7 /* ViewController */ = {
			isa = PBXGroup;
			children = (
				1AFA3BC024CC6DFC00C564E7 /* CityInfoViewController.swift */,
			);
			path = ViewController;
			sourceTree = "<group>";
		};
		1AFA3BC224CC72F100C564E7 /* Utilities */ = {
			isa = PBXGroup;
			children = (
				1AFA3BC324CC732F00C564E7 /* Webservices.swift */,
				1AFA3BC524CC737C00C564E7 /* Reachability.swift */,
			);
			path = Utilities;
			sourceTree = "<group>";
		};
		1AFA3BC924CC788E00C564E7 /* DataModel */ = {
			isa = PBXGroup;
			children = (
				1AFA3BCA24CC78B700C564E7 /* CityDataModel.swift */,
			);
			path = DataModel;
			sourceTree = "<group>";
		};
		1AFA3BCD24CC8F7A00C564E7 /* ViewModel */ = {
			isa = PBXGroup;
			children = (
				1AFA3BCE24CC8FCD00C564E7 /* CityInfoViewModel.swift */,
			);
			path = ViewModel;
			sourceTree = "<group>";
		};
		374668DEA70DA090A9DB796A /* Frameworks */ = {
			isa = PBXGroup;
			children = (
				9244B4747C51EDEF71AAB923 /* Pods_TarunMachineTest.framework */,
				2C2160AFC5EEC31E3096245E /* Pods_TarunMachineTestTests.framework */,
			);
			name = Frameworks;
			sourceTree = "<group>";
		};
/* End PBXGroup section */

/* Begin PBXNativeTarget section */
		1AFA3B9624CC6D4400C564E7 /* TarunMachineTest */ = {
			isa = PBXNativeTarget;
			buildConfigurationList = 1AFA3BB624CC6D5000C564E7 /* Build configuration list for PBXNativeTarget "TarunMachineTest" */;
			buildPhases = (
				B330D81E38EE1678636030F4 /* [CP] Check Pods Manifest.lock */,
				1AFA3B9324CC6D4400C564E7 /* Sources */,
				1AFA3B9424CC6D4400C564E7 /* Frameworks */,
				1AFA3B9524CC6D4400C564E7 /* Resources */,
				98EC9133A923D784895D3440 /* [CP] Embed Pods Frameworks */,
			);
			buildRules = (
			);
			dependencies = (
			);
			name = TarunMachineTest;
			productName = TarunMachineTest;
			productReference = 1AFA3B9724CC6D4400C564E7 /* TarunMachineTest.app */;
			productType = "com.apple.product-type.application";
		};
		1AFA3BAC24CC6D5000C564E7 /* TarunMachineTestTests */ = {
			isa = PBXNativeTarget;
			buildConfigurationList = 1AFA3BB924CC6D5000C564E7 /* Build configuration list for PBXNativeTarget "TarunMachineTestTests" */;
			buildPhases = (
				729E64B94D1FA7B0B8849B40 /* [CP] Check Pods Manifest.lock */,
				1AFA3BA924CC6D5000C564E7 /* Sources */,
				1AFA3BAA24CC6D5000C564E7 /* Frameworks */,
				1AFA3BAB24CC6D5000C564E7 /* Resources */,
			);
			buildRules = (
			);
			dependencies = (
				1AFA3BAF24CC6D5000C564E7 /* PBXTargetDependency */,
			);
			name = TarunMachineTestTests;
			productName = TarunMachineTestTests;
			productReference = 1AFA3BAD24CC6D5000C564E7 /* TarunMachineTestTests.xctest */;
			productType = "com.apple.product-type.bundle.unit-test";
		};
/* End PBXNativeTarget section */

/* Begin PBXProject section */
		1AFA3B8F24CC6D4400C564E7 /* Project object */ = {
			isa = PBXProject;
			attributes = {
				LastSwiftUpdateCheck = 1120;
				LastUpgradeCheck = 1120;
				ORGANIZATIONNAME = Tarun;
				TargetAttributes = {
					1AFA3B9624CC6D4400C564E7 = {
						CreatedOnToolsVersion = 11.2.1;
					};
					1AFA3BAC24CC6D5000C564E7 = {
						CreatedOnToolsVersion = 11.2.1;
						TestTargetID = 1AFA3B9624CC6D4400C564E7;
					};
				};
			};
			buildConfigurationList = 1AFA3B9224CC6D4400C564E7 /* Build configuration list for PBXProject "TarunMachineTest" */;
			compatibilityVersion = "Xcode 9.3";
			developmentRegion = en;
			hasScannedForEncodings = 0;
			knownRegions = (
				en,
				Base,
			);
			mainGroup = 1AFA3B8E24CC6D4400C564E7;
			productRefGroup = 1AFA3B9824CC6D4400C564E7 /* Products */;
			projectDirPath = "";
			projectRoot = "";
			targets = (
				1AFA3B9624CC6D4400C564E7 /* TarunMachineTest */,
				1AFA3BAC24CC6D5000C564E7 /* TarunMachineTestTests */,
			);
		};
/* End PBXProject section */

/* Begin PBXResourcesBuildPhase section */
		1AFA3B9524CC6D4400C564E7 /* Resources */ = {
			isa = PBXResourcesBuildPhase;
			buildActionMask = 2147483647;
			files = (
				1AFA3BA724CC6D4F00C564E7 /* LaunchScreen.storyboard in Resources */,
				1AFA3BA424CC6D4F00C564E7 /* Assets.xcassets in Resources */,
				1AFA3BA224CC6D4400C564E7 /* Main.storyboard in Resources */,
			);
			runOnlyForDeploymentPostprocessing = 0;
		};
		1AFA3BAB24CC6D5000C564E7 /* Resources */ = {
			isa = PBXResourcesBuildPhase;
			buildActionMask = 2147483647;
			files = (
			);
			runOnlyForDeploymentPostprocessing = 0;
		};
/* End PBXResourcesBuildPhase section */

/* Begin PBXShellScriptBuildPhase section */
		729E64B94D1FA7B0B8849B40 /* [CP] Check Pods Manifest.lock */ = {
			isa = PBXShellScriptBuildPhase;
			buildActionMask = 2147483647;
			files = (
			);
			inputFileListPaths = (
			);
			inputPaths = (
				"${PODS_PODFILE_DIR_PATH}/Podfile.lock",
				"${PODS_ROOT}/Manifest.lock",
			);
			name = "[CP] Check Pods Manifest.lock";
			outputFileListPaths = (
			);
			outputPaths = (
				"$(DERIVED_FILE_DIR)/Pods-TarunMachineTestTests-checkManifestLockResult.txt",
			);
			runOnlyForDeploymentPostprocessing = 0;
			shellPath = /bin/sh;
			shellScript = "diff \"${PODS_PODFILE_DIR_PATH}/Podfile.lock\" \"${PODS_ROOT}/Manifest.lock\" > /dev/null\nif [ $? != 0 ] ; then\n    # print error to STDERR\n    echo \"error: The sandbox is not in sync with the Podfile.lock. Run 'pod install' or update your CocoaPods installation.\" >&2\n    exit 1\nfi\n# This output is used by Xcode 'outputs' to avoid re-running this script phase.\necho \"SUCCESS\" > \"${SCRIPT_OUTPUT_FILE_0}\"\n";
			showEnvVarsInLog = 0;
		};
		98EC9133A923D784895D3440 /* [CP] Embed Pods Frameworks */ = {
			isa = PBXShellScriptBuildPhase;
			buildActionMask = 2147483647;
			files = (
			);
			inputFileListPaths = (
				"${PODS_ROOT}/Target Support Files/Pods-TarunMachineTest/Pods-TarunMachineTest-frameworks-${CONFIGURATION}-input-files.xcfilelist",
			);
			name = "[CP] Embed Pods Frameworks";
			outputFileListPaths = (
				"${PODS_ROOT}/Target Support Files/Pods-TarunMachineTest/Pods-TarunMachineTest-frameworks-${CONFIGURATION}-output-files.xcfilelist",
			);
			runOnlyForDeploymentPostprocessing = 0;
			shellPath = /bin/sh;
			shellScript = "\"${PODS_ROOT}/Target Support Files/Pods-TarunMachineTest/Pods-TarunMachineTest-frameworks.sh\"\n";
			showEnvVarsInLog = 0;
		};
		B330D81E38EE1678636030F4 /* [CP] Check Pods Manifest.lock */ = {
			isa = PBXShellScriptBuildPhase;
			buildActionMask = 2147483647;
			files = (
			);
			inputFileListPaths = (
			);
			inputPaths = (
				"${PODS_PODFILE_DIR_PATH}/Podfile.lock",
				"${PODS_ROOT}/Manifest.lock",
			);
			name = "[CP] Check Pods Manifest.lock";
			outputFileListPaths = (
			);
			outputPaths = (
				"$(DERIVED_FILE_DIR)/Pods-TarunMachineTest-checkManifestLockResult.txt",
			);
			runOnlyForDeploymentPostprocessing = 0;
			shellPath = /bin/sh;
			shellScript = "diff \"${PODS_PODFILE_DIR_PATH}/Podfile.lock\" \"${PODS_ROOT}/Manifest.lock\" > /dev/null\nif [ $? != 0 ] ; then\n    # print error to STDERR\n    echo \"error: The sandbox is not in sync with the Podfile.lock. Run 'pod install' or update your CocoaPods installation.\" >&2\n    exit 1\nfi\n# This output is used by Xcode 'outputs' to avoid re-running this script phase.\necho \"SUCCESS\" > \"${SCRIPT_OUTPUT_FILE_0}\"\n";
			showEnvVarsInLog = 0;
		};
/* End PBXShellScriptBuildPhase section */

/* Begin PBXSourcesBuildPhase section */
		1AFA3B9324CC6D4400C564E7 /* Sources */ = {
			isa = PBXSourcesBuildPhase;
			buildActionMask = 2147483647;
			files = (
				1AFA3BCB24CC78B700C564E7 /* CityDataModel.swift in Sources */,
				1AFA3BC424CC732F00C564E7 /* Webservices.swift in Sources */,
				1AFA3B9B24CC6D4400C564E7 /* AppDelegate.swift in Sources */,
				1AFA3BCF24CC8FCD00C564E7 /* CityInfoViewModel.swift in Sources */,
				1AFA3BC624CC737C00C564E7 /* Reachability.swift in Sources */,
				1AFA3B9D24CC6D4400C564E7 /* SceneDelegate.swift in Sources */,
				1AFA3BBF24CC6DF400C564E7 /* CityInfoTableViewCell.swift in Sources */,
				1AFA3BC124CC6DFC00C564E7 /* CityInfoViewController.swift in Sources */,
			);
			runOnlyForDeploymentPostprocessing = 0;
		};
		1AFA3BA924CC6D5000C564E7 /* Sources */ = {
			isa = PBXSourcesBuildPhase;
			buildActionMask = 2147483647;
			files = (
				1AFA3BB224CC6D5000C564E7 /* TarunMachineTestTests.swift in Sources */,
			);
			runOnlyForDeploymentPostprocessing = 0;
		};
/* End PBXSourcesBuildPhase section */

/* Begin PBXTargetDependency section */
		1AFA3BAF24CC6D5000C564E7 /* PBXTargetDependency */ = {
			isa = PBXTargetDependency;
			target = 1AFA3B9624CC6D4400C564E7 /* TarunMachineTest */;
			targetProxy = 1AFA3BAE24CC6D5000C564E7 /* PBXContainerItemProxy */;
		};
/* End PBXTargetDependency section */

/* Begin PBXVariantGroup section */
		1AFA3BA024CC6D4400C564E7 /* Main.storyboard */ = {
			isa = PBXVariantGroup;
			children = (
				1AFA3BA124CC6D4400C564E7 /* Base */,
			);
			name = Main.storyboard;
			sourceTree = "<group>";
		};
		1AFA3BA524CC6D4F00C564E7 /* LaunchScreen.storyboard */ = {
			isa = PBXVariantGroup;
			children = (
				1AFA3BA624CC6D4F00C564E7 /* Base */,
			);
			name = LaunchScreen.storyboard;
			sourceTree = "<group>";
		};
/* End PBXVariantGroup section */

/* Begin XCBuildConfiguration section */
		1AFA3BB424CC6D5000C564E7 /* Debug */ = {
			isa = XCBuildConfiguration;
			buildSettings = {
				ALWAYS_SEARCH_USER_PATHS = NO;
				CLANG_ANALYZER_NONNULL = YES;
				CLANG_ANALYZER_NUMBER_OBJECT_CONVERSION = YES_AGGRESSIVE;
				CLANG_CXX_LANGUAGE_STANDARD = "gnu++14";
				CLANG_CXX_LIBRARY = "libc++";
				CLANG_ENABLE_MODULES = YES;
				CLANG_ENABLE_OBJC_ARC = YES;
				CLANG_ENABLE_OBJC_WEAK = YES;
				CLANG_WARN_BLOCK_CAPTURE_AUTORELEASING = YES;
				CLANG_WARN_BOOL_CONVERSION = YES;
				CLANG_WARN_COMMA = YES;
				CLANG_WARN_CONSTANT_CONVERSION = YES;
				CLANG_WARN_DEPRECATED_OBJC_IMPLEMENTATIONS = YES;
				CLANG_WARN_DIRECT_OBJC_ISA_USAGE = YES_ERROR;
				CLANG_WARN_DOCUMENTATION_COMMENTS = YES;
				CLANG_WARN_EMPTY_BODY = YES;
				CLANG_WARN_ENUM_CONVERSION = YES;
				CLANG_WARN_INFINITE_RECURSION = YES;
				CLANG_WARN_INT_CONVERSION = YES;
				CLANG_WARN_NON_LITERAL_NULL_CONVERSION = YES;
				CLANG_WARN_OBJC_IMPLICIT_RETAIN_SELF = YES;
				CLANG_WARN_OBJC_LITERAL_CONVERSION = YES;
				CLANG_WARN_OBJC_ROOT_CLASS = YES_ERROR;
				CLANG_WARN_RANGE_LOOP_ANALYSIS = YES;
				CLANG_WARN_STRICT_PROTOTYPES = YES;
				CLANG_WARN_SUSPICIOUS_MOVE = YES;
				CLANG_WARN_UNGUARDED_AVAILABILITY = YES_AGGRESSIVE;
				CLANG_WARN_UNREACHABLE_CODE = YES;
				CLANG_WARN__DUPLICATE_METHOD_MATCH = YES;
				COPY_PHASE_STRIP = NO;
				DEBUG_INFORMATION_FORMAT = dwarf;
				ENABLE_STRICT_OBJC_MSGSEND = YES;
				ENABLE_TESTABILITY = YES;
				GCC_C_LANGUAGE_STANDARD = gnu11;
				GCC_DYNAMIC_NO_PIC = NO;
				GCC_NO_COMMON_BLOCKS = YES;
				GCC_OPTIMIZATION_LEVEL = 0;
				GCC_PREPROCESSOR_DEFINITIONS = (
					"DEBUG=1",
					"$(inherited)",
				);
				GCC_WARN_64_TO_32_BIT_CONVERSION = YES;
				GCC_WARN_ABOUT_RETURN_TYPE = YES_ERROR;
				GCC_WARN_UNDECLARED_SELECTOR = YES;
				GCC_WARN_UNINITIALIZED_AUTOS = YES_AGGRESSIVE;
				GCC_WARN_UNUSED_FUNCTION = YES;
				GCC_WARN_UNUSED_VARIABLE = YES;
				IPHONEOS_DEPLOYMENT_TARGET = 13.2;
				MTL_ENABLE_DEBUG_INFO = INCLUDE_SOURCE;
				MTL_FAST_MATH = YES;
				ONLY_ACTIVE_ARCH = YES;
				SDKROOT = iphoneos;
				SWIFT_ACTIVE_COMPILATION_CONDITIONS = DEBUG;
				SWIFT_OPTIMIZATION_LEVEL = "-Onone";
			};
			name = Debug;
		};
		1AFA3BB524CC6D5000C564E7 /* Release */ = {
			isa = XCBuildConfiguration;
			buildSettings = {
				ALWAYS_SEARCH_USER_PATHS = NO;
				CLANG_ANALYZER_NONNULL = YES;
				CLANG_ANALYZER_NUMBER_OBJECT_CONVERSION = YES_AGGRESSIVE;
				CLANG_CXX_LANGUAGE_STANDARD = "gnu++14";
				CLANG_CXX_LIBRARY = "libc++";
				CLANG_ENABLE_MODULES = YES;
				CLANG_ENABLE_OBJC_ARC = YES;
				CLANG_ENABLE_OBJC_WEAK = YES;
				CLANG_WARN_BLOCK_CAPTURE_AUTORELEASING = YES;
				CLANG_WARN_BOOL_CONVERSION = YES;
				CLANG_WARN_COMMA = YES;
				CLANG_WARN_CONSTANT_CONVERSION = YES;
				CLANG_WARN_DEPRECATED_OBJC_IMPLEMENTATIONS = YES;
				CLANG_WARN_DIRECT_OBJC_ISA_USAGE = YES_ERROR;
				CLANG_WARN_DOCUMENTATION_COMMENTS = YES;
				CLANG_WARN_EMPTY_BODY = YES;
				CLANG_WARN_ENUM_CONVERSION = YES;
				CLANG_WARN_INFINITE_RECURSION = YES;
				CLANG_WARN_INT_CONVERSION = YES;
				CLANG_WARN_NON_LITERAL_NULL_CONVERSION = YES;
				CLANG_WARN_OBJC_IMPLICIT_RETAIN_SELF = YES;
				CLANG_WARN_OBJC_LITERAL_CONVERSION = YES;
				CLANG_WARN_OBJC_ROOT_CLASS = YES_ERROR;
				CLANG_WARN_RANGE_LOOP_ANALYSIS = YES;
				CLANG_WARN_STRICT_PROTOTYPES = YES;
				CLANG_WARN_SUSPICIOUS_MOVE = YES;
				CLANG_WARN_UNGUARDED_AVAILABILITY = YES_AGGRESSIVE;
				CLANG_WARN_UNREACHABLE_CODE = YES;
				CLANG_WARN__DUPLICATE_METHOD_MATCH = YES;
				COPY_PHASE_STRIP = NO;
				DEBUG_INFORMATION_FORMAT = "dwarf-with-dsym";
				ENABLE_NS_ASSERTIONS = NO;
				ENABLE_STRICT_OBJC_MSGSEND = YES;
				GCC_C_LANGUAGE_STANDARD = gnu11;
				GCC_NO_COMMON_BLOCKS = YES;
				GCC_WARN_64_TO_32_BIT_CONVERSION = YES;
				GCC_WARN_ABOUT_RETURN_TYPE = YES_ERROR;
				GCC_WARN_UNDECLARED_SELECTOR = YES;
				GCC_WARN_UNINITIALIZED_AUTOS = YES_AGGRESSIVE;
				GCC_WARN_UNUSED_FUNCTION = YES;
				GCC_WARN_UNUSED_VARIABLE = YES;
				IPHONEOS_DEPLOYMENT_TARGET = 13.2;
				MTL_ENABLE_DEBUG_INFO = NO;
				MTL_FAST_MATH = YES;
				SDKROOT = iphoneos;
				SWIFT_COMPILATION_MODE = wholemodule;
				SWIFT_OPTIMIZATION_LEVEL = "-O";
				VALIDATE_PRODUCT = YES;
			};
			name = Release;
		};
		1AFA3BB724CC6D5000C564E7 /* Debug */ = {
			isa = XCBuildConfiguration;
			baseConfigurationReference = 7B6F5387EB9C0BAD43CBF73B /* Pods-TarunMachineTest.debug.xcconfig */;
			buildSettings = {
				ASSETCATALOG_COMPILER_APPICON_NAME = AppIcon;
				CODE_SIGN_STYLE = Automatic;
				INFOPLIST_FILE = TarunMachineTest/Info.plist;
				IPHONEOS_DEPLOYMENT_TARGET = 11.1;
				LD_RUNPATH_SEARCH_PATHS = (
					"$(inherited)",
					"@executable_path/Frameworks",
				);
				PRODUCT_BUNDLE_IDENTIFIER = iOSDeveloper.TarunMachineTest;
				PRODUCT_NAME = "$(TARGET_NAME)";
				SWIFT_VERSION = 5.0;
				TARGETED_DEVICE_FAMILY = "1,2";
			};
			name = Debug;
		};
		1AFA3BB824CC6D5000C564E7 /* Release */ = {
			isa = XCBuildConfiguration;
			baseConfigurationReference = 0E337C4B262FF1A292B7D0F8 /* Pods-TarunMachineTest.release.xcconfig */;
			buildSettings = {
				ASSETCATALOG_COMPILER_APPICON_NAME = AppIcon;
				CODE_SIGN_STYLE = Automatic;
				INFOPLIST_FILE = TarunMachineTest/Info.plist;
				IPHONEOS_DEPLOYMENT_TARGET = 11.1;
				LD_RUNPATH_SEARCH_PATHS = (
					"$(inherited)",
					"@executable_path/Frameworks",
				);
				PRODUCT_BUNDLE_IDENTIFIER = iOSDeveloper.TarunMachineTest;
				PRODUCT_NAME = "$(TARGET_NAME)";
				SWIFT_VERSION = 5.0;
				TARGETED_DEVICE_FAMILY = "1,2";
			};
			name = Release;
		};
		1AFA3BBA24CC6D5000C564E7 /* Debug */ = {
			isa = XCBuildConfiguration;
			baseConfigurationReference = 5E722E95535CE99B40FD675D /* Pods-TarunMachineTestTests.debug.xcconfig */;
			buildSettings = {
				ALWAYS_EMBED_SWIFT_STANDARD_LIBRARIES = YES;
				BUNDLE_LOADER = "$(TEST_HOST)";
				CODE_SIGN_STYLE = Automatic;
				INFOPLIST_FILE = TarunMachineTestTests/Info.plist;
				IPHONEOS_DEPLOYMENT_TARGET = 13.2;
				LD_RUNPATH_SEARCH_PATHS = (
					"$(inherited)",
					"@executable_path/Frameworks",
					"@loader_path/Frameworks",
				);
				PRODUCT_BUNDLE_IDENTIFIER = iOSDeveloper.TarunMachineTestTests;
				PRODUCT_NAME = "$(TARGET_NAME)";
				SWIFT_VERSION = 5.0;
				TARGETED_DEVICE_FAMILY = "1,2";
				TEST_HOST = "$(BUILT_PRODUCTS_DIR)/TarunMachineTest.app/TarunMachineTest";
			};
			name = Debug;
		};
		1AFA3BBB24CC6D5000C564E7 /* Release */ = {
			isa = XCBuildConfiguration;
			baseConfigurationReference = BE00668AE534DF6405FE9829 /* Pods-TarunMachineTestTests.release.xcconfig */;
			buildSettings = {
				ALWAYS_EMBED_SWIFT_STANDARD_LIBRARIES = YES;
				BUNDLE_LOADER = "$(TEST_HOST)";
				CODE_SIGN_STYLE = Automatic;
				INFOPLIST_FILE = TarunMachineTestTests/Info.plist;
				IPHONEOS_DEPLOYMENT_TARGET = 13.2;
				LD_RUNPATH_SEARCH_PATHS = (
					"$(inherited)",
					"@executable_path/Frameworks",
					"@loader_path/Frameworks",
				);
				PRODUCT_BUNDLE_IDENTIFIER = iOSDeveloper.TarunMachineTestTests;
				PRODUCT_NAME = "$(TARGET_NAME)";
				SWIFT_VERSION = 5.0;
				TARGETED_DEVICE_FAMILY = "1,2";
				TEST_HOST = "$(BUILT_PRODUCTS_DIR)/TarunMachineTest.app/TarunMachineTest";
			};
			name = Release;
		};
/* End XCBuildConfiguration section */

/* Begin XCConfigurationList section */
		1AFA3B9224CC6D4400C564E7 /* Build configuration list for PBXProject "TarunMachineTest" */ = {
			isa = XCConfigurationList;
			buildConfigurations = (
				1AFA3BB424CC6D5000C564E7 /* Debug */,
				1AFA3BB524CC6D5000C564E7 /* Release */,
			);
			defaultConfigurationIsVisible = 0;
			defaultConfigurationName = Release;
		};
		1AFA3BB624CC6D5000C564E7 /* Build configuration list for PBXNativeTarget "TarunMachineTest" */ = {
			isa = XCConfigurationList;
			buildConfigurations = (
				1AFA3BB724CC6D5000C564E7 /* Debug */,
				1AFA3BB824CC6D5000C564E7 /* Release */,
			);
			defaultConfigurationIsVisible = 0;
			defaultConfigurationName = Release;
		};
		1AFA3BB924CC6D5000C564E7 /* Build configuration list for PBXNativeTarget "TarunMachineTestTests" */ = {
			isa = XCConfigurationList;
			buildConfigurations = (
				1AFA3BBA24CC6D5000C564E7 /* Debug */,
				1AFA3BBB24CC6D5000C564E7 /* Release */,
			);
			defaultConfigurationIsVisible = 0;
			defaultConfigurationName = Release;
		};
/* End XCConfigurationList section */
	};
	rootObject = 1AFA3B8F24CC6D4400C564E7 /* Project object */;
}
